
Microsoft Visual Studio Solution File, Format Version 12.00
# Visual Studio Version 17
VisualStudioVersion = 17.2.32630.192
MinimumVisualStudioVersion = 10.0.40219.1
Project("{FAE04EC0-301F-11D3-BF4B-00C04F79EFBC}") = "DSD01CalculaterForStudents", "DSD01CalculaterForStudents.csproj", "{F1E76929-00EA-454A-AF1D-368A5729A55E}"
EndProject
Global
	GlobalSection(SolutionConfigurationPlatforms) = preSolution
		Debug|Any CPU = Debug|Any CPU
		Release|Any CPU = Release|Any CPU
	EndGlobalSection
	GlobalSection(ProjectConfigurationPlatforms) = postSolution
		{F1E76929-00EA-454A-AF1D-368A5729A55E}.Debug|Any CPU.ActiveCfg = Debug|Any CPU
		{F1E76929-00EA-454A-AF1D-368A5729A55E}.Debug|Any CPU.Build.0 = Debug|Any CPU
		{F1E76929-00EA-454A-AF1D-368A5729A55E}.Release|Any CPU.ActiveCfg = Release|Any CPU
		{F1E76929-00EA-454A-AF1D-368A5729A55E}.Release|Any CPU.Build.0 = Release|Any CPU
	EndGlobalSection
	GlobalSection(SolutionProperties) = preSolution
		HideSolutionNode = FALSE
	EndGlobalSection
	GlobalSection(ExtensibilityGlobals) = postSolution
		SolutionGuid = {7781EB1D-6006-4DF5-8808-1E4C3DB0F611}
	EndGlobalSection
EndGlobal
